// !$*UTF8*$!
{
	archiveVersion = 1;
	classes = {
	};
	objectVersion = 46;
	objects = {

/* Begin PBXBuildFile section */
		4289D24C2508B9BC00E38D81 /* DefaultCsvPath.plist in Resources */ = {isa = PBXBuildFile; fileRef = 4289D24B2508B9BC00E38D81 /* DefaultCsvPath.plist */; };
		711A34301DC3539000F5B5D2 /* AppDelegate.m in Sources */ = {isa = PBXBuildFile; fileRef = 711A342F1DC3539000F5B5D2 /* AppDelegate.m */; };
		711A34331DC3539000F5B5D2 /* main.m in Sources */ = {isa = PBXBuildFile; fileRef = 711A34321DC3539000F5B5D2 /* main.m */; };
		711A34381DC3539000F5B5D2 /* Assets.xcassets in Resources */ = {isa = PBXBuildFile; fileRef = 711A34371DC3539000F5B5D2 /* Assets.xcassets */; };
		711A343B1DC3539000F5B5D2 /* Main.storyboard in Resources */ = {isa = PBXBuildFile; fileRef = 711A34391DC3539000F5B5D2 /* Main.storyboard */; };
		BA1503802503CC14003E8DA6 /* SelectGroupData.m in Sources */ = {isa = PBXBuildFile; fileRef = BA1503792503CC13003E8DA6 /* SelectGroupData.m */; settings = {COMPILER_FLAGS = "-fno-objc-arc"; }; };
		BA1503812503CC14003E8DA6 /* TextCell.m in Sources */ = {isa = PBXBuildFile; fileRef = BA15037A2503CC13003E8DA6 /* TextCell.m */; settings = {COMPILER_FLAGS = "-fno-objc-arc"; }; };
		BA1503822503CC14003E8DA6 /* SelectGroupWindow.m in Sources */ = {isa = PBXBuildFile; fileRef = BA15037B2503CC13003E8DA6 /* SelectGroupWindow.m */; settings = {COMPILER_FLAGS = "-fno-objc-arc"; }; };
		BA1503872503CEB8003E8DA6 /* SelectGroupController.m in Sources */ = {isa = PBXBuildFile; fileRef = BA1503852503CEB8003E8DA6 /* SelectGroupController.m */; settings = {COMPILER_FLAGS = "-fno-objc-arc"; }; };
		BA1503882503CEB8003E8DA6 /* SelectGroupController.xib in Resources */ = {isa = PBXBuildFile; fileRef = BA1503862503CEB8003E8DA6 /* SelectGroupController.xib */; };
/* End PBXBuildFile section */

/* Begin PBXCopyFilesBuildPhase section */
		BA999110243C38570059C204 /* Embed Frameworks */ = {
			isa = PBXCopyFilesBuildPhase;
			buildActionMask = 2147483647;
			dstPath = "";
			dstSubfolderSpec = 10;
			files = (
			);
			name = "Embed Frameworks";
			runOnlyForDeploymentPostprocessing = 0;
		};
/* End PBXCopyFilesBuildPhase section */

/* Begin PBXFileReference section */
		4289D24B2508B9BC00E38D81 /* DefaultCsvPath.plist */ = {isa = PBXFileReference; fileEncoding = 4; lastKnownFileType = text.plist.xml; path = DefaultCsvPath.plist; sourceTree = "<group>"; };
		711A342B1DC3539000F5B5D2 /* SelectGroup.app */ = {isa = PBXFileReference; explicitFileType = wrapper.application; includeInIndex = 0; path = SelectGroup.app; sourceTree = BUILT_PRODUCTS_DIR; };
		711A342E1DC3539000F5B5D2 /* AppDelegate.h */ = {isa = PBXFileReference; lastKnownFileType = sourcecode.c.h; path = AppDelegate.h; sourceTree = "<group>"; };
		711A342F1DC3539000F5B5D2 /* AppDelegate.m */ = {isa = PBXFileReference; lastKnownFileType = sourcecode.c.objc; path = AppDelegate.m; sourceTree = "<group>"; };
		711A34321DC3539000F5B5D2 /* main.m */ = {isa = PBXFileReference; lastKnownFileType = sourcecode.c.objc; path = main.m; sourceTree = "<group>"; };
		711A34371DC3539000F5B5D2 /* Assets.xcassets */ = {isa = PBXFileReference; lastKnownFileType = folder.assetcatalog; path = Assets.xcassets; sourceTree = "<group>"; };
		711A343A1DC3539000F5B5D2 /* Base */ = {isa = PBXFileReference; lastKnownFileType = file.storyboard; name = Base; path = Base.lproj/Main.storyboard; sourceTree = "<group>"; };
		711A343C1DC3539000F5B5D2 /* Info.plist */ = {isa = PBXFileReference; lastKnownFileType = text.plist.xml; path = Info.plist; sourceTree = "<group>"; };
		BA1503792503CC13003E8DA6 /* SelectGroupData.m */ = {isa = PBXFileReference; fileEncoding = 4; lastKnownFileType = sourcecode.c.objc; path = SelectGroupData.m; sourceTree = "<group>"; };
		BA15037A2503CC13003E8DA6 /* TextCell.m */ = {isa = PBXFileReference; fileEncoding = 4; lastKnownFileType = sourcecode.c.objc; path = TextCell.m; sourceTree = "<group>"; };
		BA15037B2503CC13003E8DA6 /* SelectGroupWindow.m */ = {isa = PBXFileReference; fileEncoding = 4; lastKnownFileType = sourcecode.c.objc; path = SelectGroupWindow.m; sourceTree = "<group>"; };
		BA15037C2503CC13003E8DA6 /* SelectGroupData.h */ = {isa = PBXFileReference; fileEncoding = 4; lastKnownFileType = sourcecode.c.h; path = SelectGroupData.h; sourceTree = "<group>"; };
		BA15037D2503CC13003E8DA6 /* TextCell.h */ = {isa = PBXFileReference; fileEncoding = 4; lastKnownFileType = sourcecode.c.h; path = TextCell.h; sourceTree = "<group>"; };
		BA15037F2503CC13003E8DA6 /* SelectGroupWindow.h */ = {isa = PBXFileReference; fileEncoding = 4; lastKnownFileType = sourcecode.c.h; path = SelectGroupWindow.h; sourceTree = "<group>"; };
		BA1503842503CEB8003E8DA6 /* SelectGroupController.h */ = {isa = PBXFileReference; lastKnownFileType = sourcecode.c.h; path = SelectGroupController.h; sourceTree = "<group>"; };
		BA1503852503CEB8003E8DA6 /* SelectGroupController.m */ = {isa = PBXFileReference; lastKnownFileType = sourcecode.c.objc; path = SelectGroupController.m; sourceTree = "<group>"; };
		BA1503862503CEB8003E8DA6 /* SelectGroupController.xib */ = {isa = PBXFileReference; lastKnownFileType = file.xib; path = SelectGroupController.xib; sourceTree = "<group>"; };
/* End PBXFileReference section */

/* Begin PBXFrameworksBuildPhase section */
		711A34281DC3539000F5B5D2 /* Frameworks */ = {
			isa = PBXFrameworksBuildPhase;
			buildActionMask = 2147483647;
			files = (
			);
			runOnlyForDeploymentPostprocessing = 0;
		};
/* End PBXFrameworksBuildPhase section */

/* Begin PBXGroup section */
		711A34221DC3539000F5B5D2 = {
			isa = PBXGroup;
			children = (
				711A342D1DC3539000F5B5D2 /* SelectGroup */,
				711A342C1DC3539000F5B5D2 /* Products */,
				BAEC47F92436093500DE8A2B /* Frameworks */,
			);
			sourceTree = "<group>";
		};
		711A342C1DC3539000F5B5D2 /* Products */ = {
			isa = PBXGroup;
			children = (
				711A342B1DC3539000F5B5D2 /* SelectGroup.app */,
			);
			name = Products;
			sourceTree = "<group>";
		};
		711A342D1DC3539000F5B5D2 /* SelectGroup */ = {
			isa = PBXGroup;
			children = (
				BA1503782503CC13003E8DA6 /* selectGroup */,
				711A342E1DC3539000F5B5D2 /* AppDelegate.h */,
				711A342F1DC3539000F5B5D2 /* AppDelegate.m */,
				711A34371DC3539000F5B5D2 /* Assets.xcassets */,
				711A34391DC3539000F5B5D2 /* Main.storyboard */,
				4289D24B2508B9BC00E38D81 /* DefaultCsvPath.plist */,
				711A343C1DC3539000F5B5D2 /* Info.plist */,
				711A34311DC3539000F5B5D2 /* Supporting Files */,
			);
			path = SelectGroup;
			sourceTree = "<group>";
		};
		711A34311DC3539000F5B5D2 /* Supporting Files */ = {
			isa = PBXGroup;
			children = (
				711A34321DC3539000F5B5D2 /* main.m */,
			);
			name = "Supporting Files";
			sourceTree = "<group>";
		};
		BA1503782503CC13003E8DA6 /* selectGroup */ = {
			isa = PBXGroup;
			children = (
				BA1503792503CC13003E8DA6 /* SelectGroupData.m */,
				BA15037A2503CC13003E8DA6 /* TextCell.m */,
				BA15037F2503CC13003E8DA6 /* SelectGroupWindow.h */,
				BA15037B2503CC13003E8DA6 /* SelectGroupWindow.m */,
				BA15037C2503CC13003E8DA6 /* SelectGroupData.h */,
				BA15037D2503CC13003E8DA6 /* TextCell.h */,
				BA1503842503CEB8003E8DA6 /* SelectGroupController.h */,
				BA1503852503CEB8003E8DA6 /* SelectGroupController.m */,
				BA1503862503CEB8003E8DA6 /* SelectGroupController.xib */,
			);
			path = selectGroup;
			sourceTree = "<group>";
		};
		BAEC47F92436093500DE8A2B /* Frameworks */ = {
			isa = PBXGroup;
			children = (
			);
			name = Frameworks;
			sourceTree = "<group>";
		};
/* End PBXGroup section */

/* Begin PBXNativeTarget section */
		711A342A1DC3539000F5B5D2 /* SelectGroup */ = {
			isa = PBXNativeTarget;
			buildConfigurationList = 711A343F1DC3539000F5B5D2 /* Build configuration list for PBXNativeTarget "SelectGroup" */;
			buildPhases = (
				711A34271DC3539000F5B5D2 /* Sources */,
				711A34281DC3539000F5B5D2 /* Frameworks */,
				711A34291DC3539000F5B5D2 /* Resources */,
				BA999110243C38570059C204 /* Embed Frameworks */,
			);
			buildRules = (
			);
			dependencies = (
			);
			name = SelectGroup;
			productName = SelectGroup;
			productReference = 711A342B1DC3539000F5B5D2 /* SelectGroup.app */;
			productType = "com.apple.product-type.application";
		};
/* End PBXNativeTarget section */

/* Begin PBXProject section */
		711A34231DC3539000F5B5D2 /* Project object */ = {
			isa = PBXProject;
			attributes = {
				LastUpgradeCheck = 0800;
				ORGANIZATIONNAME = macdev;
				TargetAttributes = {
					711A342A1DC3539000F5B5D2 = {
						CreatedOnToolsVersion = 8.0;
						ProvisioningStyle = Automatic;
					};
				};
			};
			buildConfigurationList = 711A34261DC3539000F5B5D2 /* Build configuration list for PBXProject "SelectGroup" */;
			compatibilityVersion = "Xcode 3.2";
			developmentRegion = English;
			hasScannedForEncodings = 0;
			knownRegions = (
				en,
				Base,
			);
			mainGroup = 711A34221DC3539000F5B5D2;
			productRefGroup = 711A342C1DC3539000F5B5D2 /* Products */;
			projectDirPath = "";
			projectRoot = "";
			targets = (
				711A342A1DC3539000F5B5D2 /* SelectGroup */,
			);
		};
/* End PBXProject section */

/* Begin PBXResourcesBuildPhase section */
		711A34291DC3539000F5B5D2 /* Resources */ = {
			isa = PBXResourcesBuildPhase;
			buildActionMask = 2147483647;
			files = (
				4289D24C2508B9BC00E38D81 /* DefaultCsvPath.plist in Resources */,
				711A34381DC3539000F5B5D2 /* Assets.xcassets in Resources */,
				711A343B1DC3539000F5B5D2 /* Main.storyboard in Resources */,
				BA1503882503CEB8003E8DA6 /* SelectGroupController.xib in Resources */,
			);
			runOnlyForDeploymentPostprocessing = 0;
		};
/* End PBXResourcesBuildPhase section */

/* Begin PBXSourcesBuildPhase section */
		711A34271DC3539000F5B5D2 /* Sources */ = {
			isa = PBXSourcesBuildPhase;
			buildActionMask = 2147483647;
			files = (
				711A34331DC3539000F5B5D2 /* main.m in Sources */,
				BA1503822503CC14003E8DA6 /* SelectGroupWindow.m in Sources */,
				BA1503812503CC14003E8DA6 /* TextCell.m in Sources */,
				BA1503872503CEB8003E8DA6 /* SelectGroupController.m in Sources */,
				711A34301DC3539000F5B5D2 /* AppDelegate.m in Sources */,
				BA1503802503CC14003E8DA6 /* SelectGroupData.m in Sources */,
			);
			runOnlyForDeploymentPostprocessing = 0;
		};
/* End PBXSourcesBuildPhase section */

/* Begin PBXVariantGroup section */
		711A34391DC3539000F5B5D2 /* Main.storyboard */ = {
			isa = PBXVariantGroup;
			children = (
				711A343A1DC3539000F5B5D2 /* Base */,
			);
			name = Main.storyboard;
			sourceTree = "<group>";
		};
/* End PBXVariantGroup section */

/* Begin XCBuildConfiguration section */
		711A343D1DC3539000F5B5D2 /* Debug */ = {
			isa = XCBuildConfiguration;
			buildSettings = {
				ALWAYS_SEARCH_USER_PATHS = NO;
				CLANG_ANALYZER_NONNULL = YES;
				CLANG_CXX_LANGUAGE_STANDARD = "gnu++0x";
				CLANG_CXX_LIBRARY = "libc++";
				CLANG_ENABLE_MODULES = YES;
				CLANG_ENABLE_OBJC_ARC = YES;
				CLANG_WARN_BOOL_CONVERSION = YES;
				CLANG_WARN_CONSTANT_CONVERSION = YES;
				CLANG_WARN_DIRECT_OBJC_ISA_USAGE = YES_ERROR;
				CLANG_WARN_DOCUMENTATION_COMMENTS = YES;
				CLANG_WARN_EMPTY_BODY = YES;
				CLANG_WARN_ENUM_CONVERSION = YES;
				CLANG_WARN_INFINITE_RECURSION = YES;
				CLANG_WARN_INT_CONVERSION = YES;
				CLANG_WARN_OBJC_ROOT_CLASS = YES_ERROR;
				CLANG_WARN_SUSPICIOUS_MOVES = YES;
				CLANG_WARN_UNREACHABLE_CODE = YES;
				CLANG_WARN__DUPLICATE_METHOD_MATCH = YES;
				CODE_SIGN_IDENTITY = "-";
				COPY_PHASE_STRIP = NO;
				DEBUG_INFORMATION_FORMAT = dwarf;
				ENABLE_STRICT_OBJC_MSGSEND = YES;
				ENABLE_TESTABILITY = YES;
				GCC_C_LANGUAGE_STANDARD = gnu99;
				GCC_DYNAMIC_NO_PIC = NO;
				GCC_NO_COMMON_BLOCKS = YES;
				GCC_OPTIMIZATION_LEVEL = 0;
				GCC_PREPROCESSOR_DEFINITIONS = (
					"DEBUG=1",
					"$(inherited)",
				);
				GCC_WARN_64_TO_32_BIT_CONVERSION = YES;
				GCC_WARN_ABOUT_RETURN_TYPE = YES_ERROR;
				GCC_WARN_UNDECLARED_SELECTOR = YES;
				GCC_WARN_UNINITIALIZED_AUTOS = YES_AGGRESSIVE;
				GCC_WARN_UNUSED_FUNCTION = YES;
				GCC_WARN_UNUSED_VARIABLE = YES;
				MACOSX_DEPLOYMENT_TARGET = 10.11;
				MTL_ENABLE_DEBUG_INFO = YES;
				ONLY_ACTIVE_ARCH = YES;
				SDKROOT = macosx;
			};
			name = Debug;
		};
		711A343E1DC3539000F5B5D2 /* Release */ = {
			isa = XCBuildConfiguration;
			buildSettings = {
				ALWAYS_SEARCH_USER_PATHS = NO;
				CLANG_ANALYZER_NONNULL = YES;
				CLANG_CXX_LANGUAGE_STANDARD = "gnu++0x";
				CLANG_CXX_LIBRARY = "libc++";
				CLANG_ENABLE_MODULES = YES;
				CLANG_ENABLE_OBJC_ARC = YES;
				CLANG_WARN_BOOL_CONVERSION = YES;
				CLANG_WARN_CONSTANT_CONVERSION = YES;
				CLANG_WARN_DIRECT_OBJC_ISA_USAGE = YES_ERROR;
				CLANG_WARN_DOCUMENTATION_COMMENTS = YES;
				CLANG_WARN_EMPTY_BODY = YES;
				CLANG_WARN_ENUM_CONVERSION = YES;
				CLANG_WARN_INFINITE_RECURSION = YES;
				CLANG_WARN_INT_CONVERSION = YES;
				CLANG_WARN_OBJC_ROOT_CLASS = YES_ERROR;
				CLANG_WARN_SUSPICIOUS_MOVES = YES;
				CLANG_WARN_UNREACHABLE_CODE = YES;
				CLANG_WARN__DUPLICATE_METHOD_MATCH = YES;
				CODE_SIGN_IDENTITY = "-";
				COPY_PHASE_STRIP = NO;
				DEBUG_INFORMATION_FORMAT = "dwarf-with-dsym";
				ENABLE_NS_ASSERTIONS = NO;
				ENABLE_STRICT_OBJC_MSGSEND = YES;
				GCC_C_LANGUAGE_STANDARD = gnu99;
				GCC_NO_COMMON_BLOCKS = YES;
				GCC_WARN_64_TO_32_BIT_CONVERSION = YES;
				GCC_WARN_ABOUT_RETURN_TYPE = YES_ERROR;
				GCC_WARN_UNDECLARED_SELECTOR = YES;
				GCC_WARN_UNINITIALIZED_AUTOS = YES_AGGRESSIVE;
				GCC_WARN_UNUSED_FUNCTION = YES;
				GCC_WARN_UNUSED_VARIABLE = YES;
				MACOSX_DEPLOYMENT_TARGET = 10.11;
				MTL_ENABLE_DEBUG_INFO = NO;
				SDKROOT = macosx;
			};
			name = Release;
		};
		711A34401DC3539000F5B5D2 /* Debug */ = {
			isa = XCBuildConfiguration;
			buildSettings = {
				ASSETCATALOG_COMPILER_APPICON_NAME = AppIcon;
				CODE_SIGN_IDENTITY = "";
				CODE_SIGN_STYLE = Automatic;
				COMBINE_HIDPI_IMAGES = YES;
				DEVELOPMENT_TEAM = "";
				FRAMEWORK_SEARCH_PATHS = (
					"$(inherited)",
					"$(PROJECT_DIR)1/SelectGroup",
					"$(PROJECT_DIR)/SelectGroup",
					"$(PROJECT_DIR)",
				);
				INFOPLIST_FILE = SelectGroup/Info.plist;
				LD_RUNPATH_SEARCH_PATHS = "$(inherited) @executable_path/../Frameworks";
				LIBRARY_SEARCH_PATHS = (
					"$(inherited)",
					"$(PROJECT_DIR)/SelectGroup",
					"$(PROJECT_DIR)/SelectGroup/Python/site-packages/numpy/core/lib",
					"$(PROJECT_DIR)/SelectGroup/Python/site-packages/numpy/.dylibs",
					"$(PROJECT_DIR)/SelectGroup/Python/site-packages/matplotlib/.dylibs",
					"$(PROJECT_DIR)/SelectGroup/Lib/zmq",
				);
				MACOSX_DEPLOYMENT_TARGET = 10.12;
				OTHER_LDFLAGS = "-ObjC";
				PRODUCT_BUNDLE_IDENTIFIER = app.io.SelectGroup;
				PRODUCT_NAME = "$(TARGET_NAME)";
				PROVISIONING_PROFILE_SPECIFIER = "";
			};
			name = Debug;
		};
		711A34411DC3539000F5B5D2 /* Release */ = {
			isa = XCBuildConfiguration;
			buildSettings = {
				ASSETCATALOG_COMPILER_APPICON_NAME = AppIcon;
				CODE_SIGN_IDENTITY = "";
				CODE_SIGN_STYLE = Automatic;
				COMBINE_HIDPI_IMAGES = YES;
				DEVELOPMENT_TEAM = "";
				FRAMEWORK_SEARCH_PATHS = (
					"$(inherited)",
					"$(PROJECT_DIR)1/SelectGroup",
					"$(PROJECT_DIR)/SelectGroup",
					"$(PROJECT_DIR)",
				);
				INFOPLIST_FILE = SelectGroup/Info.plist;
				LD_RUNPATH_SEARCH_PATHS = "$(inherited) @executable_path/../Frameworks";
				LIBRARY_SEARCH_PATHS = (
					"$(inherited)",
					"$(PROJECT_DIR)/SelectGroup",
					"$(PROJECT_DIR)/SelectGroup/Python/site-packages/numpy/core/lib",
					"$(PROJECT_DIR)/SelectGroup/Python/site-packages/numpy/.dylibs",
					"$(PROJECT_DIR)/SelectGroup/Python/site-packages/matplotlib/.dylibs",
					"$(PROJECT_DIR)/SelectGroup/Lib/zmq",
				);
				MACOSX_DEPLOYMENT_TARGET = 10.12;
				OTHER_LDFLAGS = "-ObjC";
				PRODUCT_BUNDLE_IDENTIFIER = app.io.SelectGroup;
				PRODUCT_NAME = "$(TARGET_NAME)";
				PROVISIONING_PROFILE_SPECIFIER = "";
			};
			name = Release;
		};
/* End XCBuildConfiguration section */

/* Begin XCConfigurationList section */
		711A34261DC3539000F5B5D2 /* Build configuration list for PBXProject "SelectGroup" */ = {
			isa = XCConfigurationList;
			buildConfigurations = (
				711A343D1DC3539000F5B5D2 /* Debug */,
				711A343E1DC3539000F5B5D2 /* Release */,
			);
			defaultConfigurationIsVisible = 0;
			defaultConfigurationName = Release;
		};
		711A343F1DC3539000F5B5D2 /* Build configuration list for PBXNativeTarget "SelectGroup" */ = {
			isa = XCConfigurationList;
			buildConfigurations = (
				711A34401DC3539000F5B5D2 /* Debug */,
				711A34411DC3539000F5B5D2 /* Release */,
			);
			defaultConfigurationIsVisible = 0;
			defaultConfigurationName = Release;
		};
/* End XCConfigurationList section */
	};
	rootObject = 711A34231DC3539000F5B5D2 /* Project object */;
}
